{
  "name": "real-time-collaboration",
  "version": "1.0.0",
  "private": true,
  "lockfileVersion": 3,
  "requires": true,
  "packages": {
    "": {
      "name": "real-time-collaboration",
      "version": "1.0.0",
      "workspaces": [
        "frontend",
        "backend"
      ]
    },
    "frontend/": {
      "name": "real-time-collaboration-frontend",
      "version": "0.1.0",
      "dependencies": {
        "react": "^18.2.0",
        "react-dom": "^18.2.0",
        "react-quill": "^2.0.0",
        "socket.io-client": "^4.7.2",
        "uuid": "^9.0.0"
      }
    },
    "backend/": {
      "name": "real-time-collaboration-backend",
      "version": "1.0.0",
      "dependencies": {
        "cors": "^2.8.5",
        "dotenv": "^16.3.1",
        "express": "^4.18.2",
        "mongoose": "^7.3.4",
        "socket.io": "^4.7.2"
      }
    }
  }
}
